// !$*UTF8*$!
{
	archiveVersion = 1;
	classes = {
	};
	objectVersion = 48;
	objects = {

/* Begin PBXBuildFile section */
		C820B20B206353AF00C80A4C /* i2.jpg in Resources */ = {isa = PBXBuildFile; fileRef = C820B206206353AF00C80A4C /* i2.jpg */; };
		C820B20C206353AF00C80A4C /* i5.jpg in Resources */ = {isa = PBXBuildFile; fileRef = C820B207206353AF00C80A4C /* i5.jpg */; };
		C820B20D206353AF00C80A4C /* i4.jpg in Resources */ = {isa = PBXBuildFile; fileRef = C820B208206353AF00C80A4C /* i4.jpg */; };
		C820B20E206353AF00C80A4C /* i1.jpg in Resources */ = {isa = PBXBuildFile; fileRef = C820B209206353AF00C80A4C /* i1.jpg */; };
		C820B20F206353AF00C80A4C /* i3.jpg in Resources */ = {isa = PBXBuildFile; fileRef = C820B20A206353AF00C80A4C /* i3.jpg */; };
		C84193D0206A1552009CA6C6 /* WebBrowserViewController.m in Sources */ = {isa = PBXBuildFile; fileRef = C84193CF206A1552009CA6C6 /* WebBrowserViewController.m */; };
		C85ACAAA205F5087008ED51A /* YCGGuidePageView.m in Sources */ = {isa = PBXBuildFile; fileRef = C85ACAA9205F5087008ED51A /* YCGGuidePageView.m */; };
		C85ACAB0205F657A008ED51A /* guide_02.jpg in Resources */ = {isa = PBXBuildFile; fileRef = C85ACAAC205F6579008ED51A /* guide_02.jpg */; };
		C85ACAB1205F657A008ED51A /* guide_01.jpg in Resources */ = {isa = PBXBuildFile; fileRef = C85ACAAD205F6579008ED51A /* guide_01.jpg */; };
		C85ACAB2205F657A008ED51A /* guide_04.jpg in Resources */ = {isa = PBXBuildFile; fileRef = C85ACAAE205F6579008ED51A /* guide_04.jpg */; };
		C85ACAB3205F657A008ED51A /* guide_03.jpg in Resources */ = {isa = PBXBuildFile; fileRef = C85ACAAF205F657A008ED51A /* guide_03.jpg */; };
		C85ACAB7205F9DA1008ED51A /* GuidePageViewController.m in Sources */ = {isa = PBXBuildFile; fileRef = C85ACAB6205F9DA1008ED51A /* GuidePageViewController.m */; };
		C85ACAB9205FA5DE008ED51A /* home_bgImage.jpg in Resources */ = {isa = PBXBuildFile; fileRef = C85ACAB8205FA5DE008ED51A /* home_bgImage.jpg */; };
		C85ACABD205FA69A008ED51A /* LaunchAdViewController.m in Sources */ = {isa = PBXBuildFile; fileRef = C85ACABC205FA69A008ED51A /* LaunchAdViewController.m */; };
		C876A4212060AE310048728C /* LaunchAdModel.m in Sources */ = {isa = PBXBuildFile; fileRef = C876A4202060AE310048728C /* LaunchAdModel.m */; };
		C876A4252060B3800048728C /* LaunchAdManager.m in Sources */ = {isa = PBXBuildFile; fileRef = C876A4242060B3800048728C /* LaunchAdManager.m */; };
		C876A4282060B78C0048728C /* LaunchAdData.json in Resources */ = {isa = PBXBuildFile; fileRef = C876A4272060B78C0048728C /* LaunchAdData.json */; };
		C876A42B2060BC760048728C /* Network.m in Sources */ = {isa = PBXBuildFile; fileRef = C876A42A2060BC760048728C /* Network.m */; };
		C876A42E2060FDFA0048728C /* LayoutListViewController.m in Sources */ = {isa = PBXBuildFile; fileRef = C876A42D2060FDFA0048728C /* LayoutListViewController.m */; };
		C876A4382060FFF40048728C /* image2.jpg in Resources */ = {isa = PBXBuildFile; fileRef = C876A42F2060FFF30048728C /* image2.jpg */; };
		C876A4392060FFF40048728C /* image4.jpg in Resources */ = {isa = PBXBuildFile; fileRef = C876A4302060FFF30048728C /* image4.jpg */; };
		C876A43A2060FFF40048728C /* video0.mp4 in Resources */ = {isa = PBXBuildFile; fileRef = C876A4312060FFF30048728C /* video0.mp4 */; };
		C876A43B2060FFF40048728C /* image11.gif in Resources */ = {isa = PBXBuildFile; fileRef = C876A4322060FFF40048728C /* image11.gif */; };
		C876A43C2060FFF40048728C /* image0.jpg in Resources */ = {isa = PBXBuildFile; fileRef = C876A4332060FFF40048728C /* image0.jpg */; };
		C876A43D2060FFF40048728C /* video1.mp4 in Resources */ = {isa = PBXBuildFile; fileRef = C876A4342060FFF40048728C /* video1.mp4 */; };
		C876A43E2060FFF40048728C /* image12.gif in Resources */ = {isa = PBXBuildFile; fileRef = C876A4352060FFF40048728C /* image12.gif */; };
		C876A43F2060FFF40048728C /* image1.jpg in Resources */ = {isa = PBXBuildFile; fileRef = C876A4362060FFF40048728C /* image1.jpg */; };
		C876A4402060FFF40048728C /* image3.jpg in Resources */ = {isa = PBXBuildFile; fileRef = C876A4372060FFF40048728C /* image3.jpg */; };
		C876A446206102250048728C /* WaterFallViewController.m in Sources */ = {isa = PBXBuildFile; fileRef = C876A445206102250048728C /* WaterFallViewController.m */; };
		C876A44C2061034D0048728C /* WaterFallCell.m in Sources */ = {isa = PBXBuildFile; fileRef = C876A44B2061034D0048728C /* WaterFallCell.m */; };
		C876A44F206105A70048728C /* WaterFallDataModel.m in Sources */ = {isa = PBXBuildFile; fileRef = C876A44E206105A70048728C /* WaterFallDataModel.m */; };
		C876A45820610BDC0048728C /* WaterFlowLayout.m in Sources */ = {isa = PBXBuildFile; fileRef = C876A45720610BDC0048728C /* WaterFlowLayout.m */; };
		C876A45D2062029C0048728C /* 2.plist in Resources */ = {isa = PBXBuildFile; fileRef = C876A45A2062029C0048728C /* 2.plist */; };
		C876A45E2062029C0048728C /* 3.plist in Resources */ = {isa = PBXBuildFile; fileRef = C876A45B2062029C0048728C /* 3.plist */; };
		C876A45F2062029C0048728C /* 1.plist in Resources */ = {isa = PBXBuildFile; fileRef = C876A45C2062029C0048728C /* 1.plist */; };
		C876A462206227CC0048728C /* CyclePageViewController.m in Sources */ = {isa = PBXBuildFile; fileRef = C876A461206227CC0048728C /* CyclePageViewController.m */; };
		C876A46620622AF50048728C /* CycleImageView.m in Sources */ = {isa = PBXBuildFile; fileRef = C876A46520622AF50048728C /* CycleImageView.m */; };
		C876A46920622B2B0048728C /* CycleImageViewCell.m in Sources */ = {isa = PBXBuildFile; fileRef = C876A46820622B2B0048728C /* CycleImageViewCell.m */; };
		C876A46C20622B850048728C /* CycleImageViewPageControl.m in Sources */ = {isa = PBXBuildFile; fileRef = C876A46B20622B840048728C /* CycleImageViewPageControl.m */; };
		C876A47020622CD80048728C /* CycleImageModel.m in Sources */ = {isa = PBXBuildFile; fileRef = C876A46F20622CD80048728C /* CycleImageModel.m */; };
		C876A473206230830048728C /* NSString+RegexCategory.m in Sources */ = {isa = PBXBuildFile; fileRef = C876A472206230830048728C /* NSString+RegexCategory.m */; };
		C876A47620623D810048728C /* cycleImage.plist in Resources */ = {isa = PBXBuildFile; fileRef = C876A47520623D810048728C /* cycleImage.plist */; };
		C876A4792062505D0048728C /* CardLayoutViewController.m in Sources */ = {isa = PBXBuildFile; fileRef = C876A4782062505D0048728C /* CardLayoutViewController.m */; };
		C876A47E206251FE0048728C /* CardFlowLayout.m in Sources */ = {isa = PBXBuildFile; fileRef = C876A47D206251FE0048728C /* CardFlowLayout.m */; };
		C876A4812062529C0048728C /* CardLayoutCell.m in Sources */ = {isa = PBXBuildFile; fileRef = C876A4802062529C0048728C /* CardLayoutCell.m */; };
		C876A488206256130048728C /* CardLayoutView.m in Sources */ = {isa = PBXBuildFile; fileRef = C876A487206256130048728C /* CardLayoutView.m */; };
		C88EB75B205A8FCB008092BB /* AppDelegate.m in Sources */ = {isa = PBXBuildFile; fileRef = C88EB75A205A8FCB008092BB /* AppDelegate.m */; };
		C88EB763205A8FCB008092BB /* Assets.xcassets in Resources */ = {isa = PBXBuildFile; fileRef = C88EB762205A8FCB008092BB /* Assets.xcassets */; };
		C88EB766205A8FCB008092BB /* LaunchScreen.storyboard in Resources */ = {isa = PBXBuildFile; fileRef = C88EB764205A8FCB008092BB /* LaunchScreen.storyboard */; };
		C88EB769205A8FCB008092BB /* main.m in Sources */ = {isa = PBXBuildFile; fileRef = C88EB768205A8FCB008092BB /* main.m */; };
		C88EB773205A8FCB008092BB /* ToolsAppTests.m in Sources */ = {isa = PBXBuildFile; fileRef = C88EB772205A8FCB008092BB /* ToolsAppTests.m */; };
		C88EB77E205A8FCB008092BB /* ToolsAppUITests.m in Sources */ = {isa = PBXBuildFile; fileRef = C88EB77D205A8FCB008092BB /* ToolsAppUITests.m */; };
		C88EB790205A960F008092BB /* TabBarController.m in Sources */ = {isa = PBXBuildFile; fileRef = C88EB78F205A960F008092BB /* TabBarController.m */; };
		C88EB793205A9645008092BB /* NavigationController.m in Sources */ = {isa = PBXBuildFile; fileRef = C88EB792205A9645008092BB /* NavigationController.m */; };
		C88EB79D205A9D1E008092BB /* YCGHomeViewController.m in Sources */ = {isa = PBXBuildFile; fileRef = C88EB79C205A9D1E008092BB /* YCGHomeViewController.m */; };
		C88EB7A0205A9D3E008092BB /* YCGFindViewController.m in Sources */ = {isa = PBXBuildFile; fileRef = C88EB79F205A9D3E008092BB /* YCGFindViewController.m */; };
		C88EB7A3205A9D4D008092BB /* YCGMeViewController.m in Sources */ = {isa = PBXBuildFile; fileRef = C88EB7A2205A9D4D008092BB /* YCGMeViewController.m */; };
		C88EB7A6205A9D62008092BB /* YCGActivityViewController.m in Sources */ = {isa = PBXBuildFile; fileRef = C88EB7A5205A9D62008092BB /* YCGActivityViewController.m */; };
		C88EB7A9205B6391008092BB /* BaseTableViewController.m in Sources */ = {isa = PBXBuildFile; fileRef = C88EB7A8205B6391008092BB /* BaseTableViewController.m */; };
		C88EB7AD205B6731008092BB /* YCGHomeDataModel.m in Sources */ = {isa = PBXBuildFile; fileRef = C88EB7AC205B6731008092BB /* YCGHomeDataModel.m */; };
		C88EB7B0205B6769008092BB /* BaseModel.m in Sources */ = {isa = PBXBuildFile; fileRef = C88EB7AF205B6769008092BB /* BaseModel.m */; };
		C8C1B020206391D4007BE1BD /* CustomViewController.m in Sources */ = {isa = PBXBuildFile; fileRef = C8C1B01F206391D4007BE1BD /* CustomViewController.m */; };
		C8C1B02320639222007BE1BD /* MarqueeLabelView.m in Sources */ = {isa = PBXBuildFile; fileRef = C8C1B02220639222007BE1BD /* MarqueeLabelView.m */; };
		C8C1B0262063925E007BE1BD /* CustomLabelViewController.m in Sources */ = {isa = PBXBuildFile; fileRef = C8C1B0252063925E007BE1BD /* CustomLabelViewController.m */; };
		C8C1B02920639C82007BE1BD /* UIView+Parameter.m in Sources */ = {isa = PBXBuildFile; fileRef = C8C1B02820639C82007BE1BD /* UIView+Parameter.m */; };
		C8C1B0332063A1A3007BE1BD /* MarqueeLabelViewController.m in Sources */ = {isa = PBXBuildFile; fileRef = C8C1B0322063A1A3007BE1BD /* MarqueeLabelViewController.m */; };
		C8C1B0392063D59B007BE1BD /* BaseViewController.m in Sources */ = {isa = PBXBuildFile; fileRef = C8C1B0382063D59B007BE1BD /* BaseViewController.m */; };
		C8C1B03C2063D735007BE1BD /* PrintLabelViewController.m in Sources */ = {isa = PBXBuildFile; fileRef = C8C1B03B2063D735007BE1BD /* PrintLabelViewController.m */; };
		C8C1B03F2063D775007BE1BD /* PrintLabel.m in Sources */ = {isa = PBXBuildFile; fileRef = C8C1B03E2063D775007BE1BD /* PrintLabel.m */; };
		C8C1B0412063D799007BE1BD /* printerVoice.wav in Resources */ = {isa = PBXBuildFile; fileRef = C8C1B0402063D799007BE1BD /* printerVoice.wav */; };
		F80466303773F6D038E3D5BA /* libPods-ToolsApp.a in Frameworks */ = {isa = PBXBuildFile; fileRef = 4B629192B0ECE3A007F659F9 /* libPods-ToolsApp.a */; };
/* End PBXBuildFile section */

/* Begin PBXContainerItemProxy section */
		C88EB76F205A8FCB008092BB /* PBXContainerItemProxy */ = {
			isa = PBXContainerItemProxy;
			containerPortal = C88EB74E205A8FCB008092BB /* Project object */;
			proxyType = 1;
			remoteGlobalIDString = C88EB755205A8FCB008092BB;
			remoteInfo = ToolsApp;
		};
		C88EB77A205A8FCB008092BB /* PBXContainerItemProxy */ = {
			isa = PBXContainerItemProxy;
			containerPortal = C88EB74E205A8FCB008092BB /* Project object */;
			proxyType = 1;
			remoteGlobalIDString = C88EB755205A8FCB008092BB;
			remoteInfo = ToolsApp;
		};
/* End PBXContainerItemProxy section */

/* Begin PBXFileReference section */
		4B629192B0ECE3A007F659F9 /* libPods-ToolsApp.a */ = {isa = PBXFileReference; explicitFileType = archive.ar; includeInIndex = 0; path = "libPods-ToolsApp.a"; sourceTree = BUILT_PRODUCTS_DIR; };
		5F3157088BE96E80FB4545C1 /* Pods-ToolsApp.release.xcconfig */ = {isa = PBXFileReference; includeInIndex = 1; lastKnownFileType = text.xcconfig; name = "Pods-ToolsApp.release.xcconfig"; path = "Pods/Target Support Files/Pods-ToolsApp/Pods-ToolsApp.release.xcconfig"; sourceTree = "<group>"; };
		ABE226E4533FD9A918EE24B5 /* Pods-ToolsApp.debug.xcconfig */ = {isa = PBXFileReference; includeInIndex = 1; lastKnownFileType = text.xcconfig; name = "Pods-ToolsApp.debug.xcconfig"; path = "Pods/Target Support Files/Pods-ToolsApp/Pods-ToolsApp.debug.xcconfig"; sourceTree = "<group>"; };
		C820B206206353AF00C80A4C /* i2.jpg */ = {isa = PBXFileReference; lastKnownFileType = image.jpeg; path = i2.jpg; sourceTree = "<group>"; };
		C820B207206353AF00C80A4C /* i5.jpg */ = {isa = PBXFileReference; lastKnownFileType = image.jpeg; path = i5.jpg; sourceTree = "<group>"; };
		C820B208206353AF00C80A4C /* i4.jpg */ = {isa = PBXFileReference; lastKnownFileType = image.jpeg; path = i4.jpg; sourceTree = "<group>"; };
		C820B209206353AF00C80A4C /* i1.jpg */ = {isa = PBXFileReference; lastKnownFileType = image.jpeg; path = i1.jpg; sourceTree = "<group>"; };
		C820B20A206353AF00C80A4C /* i3.jpg */ = {isa = PBXFileReference; lastKnownFileType = image.jpeg; path = i3.jpg; sourceTree = "<group>"; };
		C84193CE206A1552009CA6C6 /* WebBrowserViewController.h */ = {isa = PBXFileReference; lastKnownFileType = sourcecode.c.h; path = WebBrowserViewController.h; sourceTree = "<group>"; };
		C84193CF206A1552009CA6C6 /* WebBrowserViewController.m */ = {isa = PBXFileReference; lastKnownFileType = sourcecode.c.objc; path = WebBrowserViewController.m; sourceTree = "<group>"; };
		C85ACAA8205F5087008ED51A /* YCGGuidePageView.h */ = {isa = PBXFileReference; lastKnownFileType = sourcecode.c.h; path = YCGGuidePageView.h; sourceTree = "<group>"; };
		C85ACAA9205F5087008ED51A /* YCGGuidePageView.m */ = {isa = PBXFileReference; lastKnownFileType = sourcecode.c.objc; path = YCGGuidePageView.m; sourceTree = "<group>"; };
		C85ACAAC205F6579008ED51A /* guide_02.jpg */ = {isa = PBXFileReference; lastKnownFileType = image.jpeg; path = guide_02.jpg; sourceTree = "<group>"; };
		C85ACAAD205F6579008ED51A /* guide_01.jpg */ = {isa = PBXFileReference; lastKnownFileType = image.jpeg; path = guide_01.jpg; sourceTree = "<group>"; };
		C85ACAAE205F6579008ED51A /* guide_04.jpg */ = {isa = PBXFileReference; lastKnownFileType = image.jpeg; path = guide_04.jpg; sourceTree = "<group>"; };
		C85ACAAF205F657A008ED51A /* guide_03.jpg */ = {isa = PBXFileReference; lastKnownFileType = image.jpeg; path = guide_03.jpg; sourceTree = "<group>"; };
		C85ACAB5205F9DA1008ED51A /* GuidePageViewController.h */ = {isa = PBXFileReference; lastKnownFileType = sourcecode.c.h; path = GuidePageViewController.h; sourceTree = "<group>"; };
		C85ACAB6205F9DA1008ED51A /* GuidePageViewController.m */ = {isa = PBXFileReference; lastKnownFileType = sourcecode.c.objc; path = GuidePageViewController.m; sourceTree = "<group>"; };
		C85ACAB8205FA5DE008ED51A /* home_bgImage.jpg */ = {isa = PBXFileReference; lastKnownFileType = image.jpeg; path = home_bgImage.jpg; sourceTree = "<group>"; };
		C85ACABB205FA69A008ED51A /* LaunchAdViewController.h */ = {isa = PBXFileReference; lastKnownFileType = sourcecode.c.h; path = LaunchAdViewController.h; sourceTree = "<group>"; };
		C85ACABC205FA69A008ED51A /* LaunchAdViewController.m */ = {isa = PBXFileReference; lastKnownFileType = sourcecode.c.objc; path = LaunchAdViewController.m; sourceTree = "<group>"; };
		C876A41F2060AE310048728C /* LaunchAdModel.h */ = {isa = PBXFileReference; lastKnownFileType = sourcecode.c.h; path = LaunchAdModel.h; sourceTree = "<group>"; };
		C876A4202060AE310048728C /* LaunchAdModel.m */ = {isa = PBXFileReference; lastKnownFileType = sourcecode.c.objc; path = LaunchAdModel.m; sourceTree = "<group>"; };
		C876A4232060B3800048728C /* LaunchAdManager.h */ = {isa = PBXFileReference; lastKnownFileType = sourcecode.c.h; path = LaunchAdManager.h; sourceTree = "<group>"; };
		C876A4242060B3800048728C /* LaunchAdManager.m */ = {isa = PBXFileReference; lastKnownFileType = sourcecode.c.objc; path = LaunchAdManager.m; sourceTree = "<group>"; };
		C876A4272060B78C0048728C /* LaunchAdData.json */ = {isa = PBXFileReference; fileEncoding = 4; lastKnownFileType = text.json; path = LaunchAdData.json; sourceTree = "<group>"; };
		C876A4292060BC760048728C /* Network.h */ = {isa = PBXFileReference; lastKnownFileType = sourcecode.c.h; path = Network.h; sourceTree = "<group>"; };
		C876A42A2060BC760048728C /* Network.m */ = {isa = PBXFileReference; lastKnownFileType = sourcecode.c.objc; path = Network.m; sourceTree = "<group>"; };
		C876A42C2060FDFA0048728C /* LayoutListViewController.h */ = {isa = PBXFileReference; lastKnownFileType = sourcecode.c.h; path = LayoutListViewController.h; sourceTree = "<group>"; };
		C876A42D2060FDFA0048728C /* LayoutListViewController.m */ = {isa = PBXFileReference; lastKnownFileType = sourcecode.c.objc; path = LayoutListViewController.m; sourceTree = "<group>"; };
		C876A42F2060FFF30048728C /* image2.jpg */ = {isa = PBXFileReference; lastKnownFileType = image.jpeg; path = image2.jpg; sourceTree = "<group>"; };
		C876A4302060FFF30048728C /* image4.jpg */ = {isa = PBXFileReference; lastKnownFileType = image.jpeg; path = image4.jpg; sourceTree = "<group>"; };
		C876A4312060FFF30048728C /* video0.mp4 */ = {isa = PBXFileReference; lastKnownFileType = file; path = video0.mp4; sourceTree = "<group>"; };
		C876A4322060FFF40048728C /* image11.gif */ = {isa = PBXFileReference; lastKnownFileType = image.gif; path = image11.gif; sourceTree = "<group>"; };
		C876A4332060FFF40048728C /* image0.jpg */ = {isa = PBXFileReference; lastKnownFileType = image.jpeg; path = image0.jpg; sourceTree = "<group>"; };
		C876A4342060FFF40048728C /* video1.mp4 */ = {isa = PBXFileReference; lastKnownFileType = file; path = video1.mp4; sourceTree = "<group>"; };
		C876A4352060FFF40048728C /* image12.gif */ = {isa = PBXFileReference; lastKnownFileType = image.gif; path = image12.gif; sourceTree = "<group>"; };
		C876A4362060FFF40048728C /* image1.jpg */ = {isa = PBXFileReference; lastKnownFileType = image.jpeg; path = image1.jpg; sourceTree = "<group>"; };
		C876A4372060FFF40048728C /* image3.jpg */ = {isa = PBXFileReference; lastKnownFileType = image.jpeg; path = image3.jpg; sourceTree = "<group>"; };
		C876A444206102250048728C /* WaterFallViewController.h */ = {isa = PBXFileReference; lastKnownFileType = sourcecode.c.h; path = WaterFallViewController.h; sourceTree = "<group>"; };
		C876A445206102250048728C /* WaterFallViewController.m */ = {isa = PBXFileReference; lastKnownFileType = sourcecode.c.objc; path = WaterFallViewController.m; sourceTree = "<group>"; };
		C876A44A2061034D0048728C /* WaterFallCell.h */ = {isa = PBXFileReference; lastKnownFileType = sourcecode.c.h; path = WaterFallCell.h; sourceTree = "<group>"; };
		C876A44B2061034D0048728C /* WaterFallCell.m */ = {isa = PBXFileReference; lastKnownFileType = sourcecode.c.objc; path = WaterFallCell.m; sourceTree = "<group>"; };
		C876A44D206105A70048728C /* WaterFallDataModel.h */ = {isa = PBXFileReference; lastKnownFileType = sourcecode.c.h; path = WaterFallDataModel.h; sourceTree = "<group>"; };
		C876A44E206105A70048728C /* WaterFallDataModel.m */ = {isa = PBXFileReference; lastKnownFileType = sourcecode.c.objc; path = WaterFallDataModel.m; sourceTree = "<group>"; };
		C876A45620610BDC0048728C /* WaterFlowLayout.h */ = {isa = PBXFileReference; lastKnownFileType = sourcecode.c.h; path = WaterFlowLayout.h; sourceTree = "<group>"; };
		C876A45720610BDC0048728C /* WaterFlowLayout.m */ = {isa = PBXFileReference; lastKnownFileType = sourcecode.c.objc; path = WaterFlowLayout.m; sourceTree = "<group>"; };
		C876A45A2062029C0048728C /* 2.plist */ = {isa = PBXFileReference; fileEncoding = 4; lastKnownFileType = text.plist.xml; path = 2.plist; sourceTree = "<group>"; };
		C876A45B2062029C0048728C /* 3.plist */ = {isa = PBXFileReference; fileEncoding = 4; lastKnownFileType = text.plist.xml; path = 3.plist; sourceTree = "<group>"; };
		C876A45C2062029C0048728C /* 1.plist */ = {isa = PBXFileReference; fileEncoding = 4; lastKnownFileType = text.plist.xml; path = 1.plist; sourceTree = "<group>"; };
		C876A460206227CB0048728C /* CyclePageViewController.h */ = {isa = PBXFileReference; lastKnownFileType = sourcecode.c.h; path = CyclePageViewController.h; sourceTree = "<group>"; };
		C876A461206227CC0048728C /* CyclePageViewController.m */ = {isa = PBXFileReference; lastKnownFileType = sourcecode.c.objc; path = CyclePageViewController.m; sourceTree = "<group>"; };
		C876A46420622AF50048728C /* CycleImageView.h */ = {isa = PBXFileReference; lastKnownFileType = sourcecode.c.h; path = CycleImageView.h; sourceTree = "<group>"; };
		C876A46520622AF50048728C /* CycleImageView.m */ = {isa = PBXFileReference; lastKnownFileType = sourcecode.c.objc; path = CycleImageView.m; sourceTree = "<group>"; };
		C876A46720622B2B0048728C /* CycleImageViewCell.h */ = {isa = PBXFileReference; lastKnownFileType = sourcecode.c.h; path = CycleImageViewCell.h; sourceTree = "<group>"; };
		C876A46820622B2B0048728C /* CycleImageViewCell.m */ = {isa = PBXFileReference; lastKnownFileType = sourcecode.c.objc; path = CycleImageViewCell.m; sourceTree = "<group>"; };
		C876A46A20622B840048728C /* CycleImageViewPageControl.h */ = {isa = PBXFileReference; lastKnownFileType = sourcecode.c.h; path = CycleImageViewPageControl.h; sourceTree = "<group>"; };
		C876A46B20622B840048728C /* CycleImageViewPageControl.m */ = {isa = PBXFileReference; lastKnownFileType = sourcecode.c.objc; path = CycleImageViewPageControl.m; sourceTree = "<group>"; };
		C876A46E20622CD80048728C /* CycleImageModel.h */ = {isa = PBXFileReference; lastKnownFileType = sourcecode.c.h; path = CycleImageModel.h; sourceTree = "<group>"; };
		C876A46F20622CD80048728C /* CycleImageModel.m */ = {isa = PBXFileReference; lastKnownFileType = sourcecode.c.objc; path = CycleImageModel.m; sourceTree = "<group>"; };
		C876A471206230830048728C /* NSString+RegexCategory.h */ = {isa = PBXFileReference; lastKnownFileType = sourcecode.c.h; path = "NSString+RegexCategory.h"; sourceTree = "<group>"; };
		C876A472206230830048728C /* NSString+RegexCategory.m */ = {isa = PBXFileReference; lastKnownFileType = sourcecode.c.objc; path = "NSString+RegexCategory.m"; sourceTree = "<group>"; };
		C876A47520623D810048728C /* cycleImage.plist */ = {isa = PBXFileReference; fileEncoding = 4; lastKnownFileType = text.plist.xml; path = cycleImage.plist; sourceTree = "<group>"; };
		C876A4772062505D0048728C /* CardLayoutViewController.h */ = {isa = PBXFileReference; lastKnownFileType = sourcecode.c.h; path = CardLayoutViewController.h; sourceTree = "<group>"; };
		C876A4782062505D0048728C /* CardLayoutViewController.m */ = {isa = PBXFileReference; lastKnownFileType = sourcecode.c.objc; path = CardLayoutViewController.m; sourceTree = "<group>"; };
		C876A47C206251FE0048728C /* CardFlowLayout.h */ = {isa = PBXFileReference; lastKnownFileType = sourcecode.c.h; path = CardFlowLayout.h; sourceTree = "<group>"; };
		C876A47D206251FE0048728C /* CardFlowLayout.m */ = {isa = PBXFileReference; lastKnownFileType = sourcecode.c.objc; path = CardFlowLayout.m; sourceTree = "<group>"; };
		C876A47F2062529C0048728C /* CardLayoutCell.h */ = {isa = PBXFileReference; lastKnownFileType = sourcecode.c.h; path = CardLayoutCell.h; sourceTree = "<group>"; };
		C876A4802062529C0048728C /* CardLayoutCell.m */ = {isa = PBXFileReference; lastKnownFileType = sourcecode.c.objc; path = CardLayoutCell.m; sourceTree = "<group>"; };
		C876A486206256130048728C /* CardLayoutView.h */ = {isa = PBXFileReference; lastKnownFileType = sourcecode.c.h; path = CardLayoutView.h; sourceTree = "<group>"; };
		C876A487206256130048728C /* CardLayoutView.m */ = {isa = PBXFileReference; lastKnownFileType = sourcecode.c.objc; path = CardLayoutView.m; sourceTree = "<group>"; };
		C88EB756205A8FCB008092BB /* ToolsApp.app */ = {isa = PBXFileReference; explicitFileType = wrapper.application; includeInIndex = 0; path = ToolsApp.app; sourceTree = BUILT_PRODUCTS_DIR; };
		C88EB759205A8FCB008092BB /* AppDelegate.h */ = {isa = PBXFileReference; lastKnownFileType = sourcecode.c.h; path = AppDelegate.h; sourceTree = "<group>"; };
		C88EB75A205A8FCB008092BB /* AppDelegate.m */ = {isa = PBXFileReference; lastKnownFileType = sourcecode.c.objc; path = AppDelegate.m; sourceTree = "<group>"; };
		C88EB762205A8FCB008092BB /* Assets.xcassets */ = {isa = PBXFileReference; lastKnownFileType = folder.assetcatalog; path = Assets.xcassets; sourceTree = "<group>"; };
		C88EB765205A8FCB008092BB /* Base */ = {isa = PBXFileReference; lastKnownFileType = file.storyboard; name = Base; path = Base.lproj/LaunchScreen.storyboard; sourceTree = "<group>"; };
		C88EB767205A8FCB008092BB /* Info.plist */ = {isa = PBXFileReference; lastKnownFileType = text.plist.xml; path = Info.plist; sourceTree = "<group>"; };
		C88EB768205A8FCB008092BB /* main.m */ = {isa = PBXFileReference; lastKnownFileType = sourcecode.c.objc; path = main.m; sourceTree = "<group>"; };
		C88EB76E205A8FCB008092BB /* ToolsAppTests.xctest */ = {isa = PBXFileReference; explicitFileType = wrapper.cfbundle; includeInIndex = 0; path = ToolsAppTests.xctest; sourceTree = BUILT_PRODUCTS_DIR; };
		C88EB772205A8FCB008092BB /* ToolsAppTests.m */ = {isa = PBXFileReference; lastKnownFileType = sourcecode.c.objc; path = ToolsAppTests.m; sourceTree = "<group>"; };
		C88EB774205A8FCB008092BB /* Info.plist */ = {isa = PBXFileReference; lastKnownFileType = text.plist.xml; path = Info.plist; sourceTree = "<group>"; };
		C88EB779205A8FCB008092BB /* ToolsAppUITests.xctest */ = {isa = PBXFileReference; explicitFileType = wrapper.cfbundle; includeInIndex = 0; path = ToolsAppUITests.xctest; sourceTree = BUILT_PRODUCTS_DIR; };
		C88EB77D205A8FCB008092BB /* ToolsAppUITests.m */ = {isa = PBXFileReference; lastKnownFileType = sourcecode.c.objc; path = ToolsAppUITests.m; sourceTree = "<group>"; };
		C88EB77F205A8FCB008092BB /* Info.plist */ = {isa = PBXFileReference; lastKnownFileType = text.plist.xml; path = Info.plist; sourceTree = "<group>"; };
		C88EB78E205A960F008092BB /* TabBarController.h */ = {isa = PBXFileReference; lastKnownFileType = sourcecode.c.h; path = TabBarController.h; sourceTree = "<group>"; };
		C88EB78F205A960F008092BB /* TabBarController.m */ = {isa = PBXFileReference; lastKnownFileType = sourcecode.c.objc; path = TabBarController.m; sourceTree = "<group>"; };
		C88EB791205A9645008092BB /* NavigationController.h */ = {isa = PBXFileReference; lastKnownFileType = sourcecode.c.h; path = NavigationController.h; sourceTree = "<group>"; };
		C88EB792205A9645008092BB /* NavigationController.m */ = {isa = PBXFileReference; lastKnownFileType = sourcecode.c.objc; path = NavigationController.m; sourceTree = "<group>"; };
		C88EB79B205A9D1E008092BB /* YCGHomeViewController.h */ = {isa = PBXFileReference; lastKnownFileType = sourcecode.c.h; path = YCGHomeViewController.h; sourceTree = "<group>"; };
		C88EB79C205A9D1E008092BB /* YCGHomeViewController.m */ = {isa = PBXFileReference; lastKnownFileType = sourcecode.c.objc; path = YCGHomeViewController.m; sourceTree = "<group>"; };
		C88EB79E205A9D3E008092BB /* YCGFindViewController.h */ = {isa = PBXFileReference; lastKnownFileType = sourcecode.c.h; path = YCGFindViewController.h; sourceTree = "<group>"; };
		C88EB79F205A9D3E008092BB /* YCGFindViewController.m */ = {isa = PBXFileReference; lastKnownFileType = sourcecode.c.objc; path = YCGFindViewController.m; sourceTree = "<group>"; };
		C88EB7A1205A9D4D008092BB /* YCGMeViewController.h */ = {isa = PBXFileReference; lastKnownFileType = sourcecode.c.h; path = YCGMeViewController.h; sourceTree = "<group>"; };
		C88EB7A2205A9D4D008092BB /* YCGMeViewController.m */ = {isa = PBXFileReference; lastKnownFileType = sourcecode.c.objc; path = YCGMeViewController.m; sourceTree = "<group>"; };
		C88EB7A4205A9D62008092BB /* YCGActivityViewController.h */ = {isa = PBXFileReference; lastKnownFileType = sourcecode.c.h; path = YCGActivityViewController.h; sourceTree = "<group>"; };
		C88EB7A5205A9D62008092BB /* YCGActivityViewController.m */ = {isa = PBXFileReference; lastKnownFileType = sourcecode.c.objc; path = YCGActivityViewController.m; sourceTree = "<group>"; };
		C88EB7A7205B6391008092BB /* BaseTableViewController.h */ = {isa = PBXFileReference; lastKnownFileType = sourcecode.c.h; path = BaseTableViewController.h; sourceTree = "<group>"; };
		C88EB7A8205B6391008092BB /* BaseTableViewController.m */ = {isa = PBXFileReference; lastKnownFileType = sourcecode.c.objc; path = BaseTableViewController.m; sourceTree = "<group>"; };
		C88EB7AB205B6731008092BB /* YCGHomeDataModel.h */ = {isa = PBXFileReference; lastKnownFileType = sourcecode.c.h; path = YCGHomeDataModel.h; sourceTree = "<group>"; };
		C88EB7AC205B6731008092BB /* YCGHomeDataModel.m */ = {isa = PBXFileReference; lastKnownFileType = sourcecode.c.objc; path = YCGHomeDataModel.m; sourceTree = "<group>"; };
		C88EB7AE205B6769008092BB /* BaseModel.h */ = {isa = PBXFileReference; lastKnownFileType = sourcecode.c.h; path = BaseModel.h; sourceTree = "<group>"; };
		C88EB7AF205B6769008092BB /* BaseModel.m */ = {isa = PBXFileReference; lastKnownFileType = sourcecode.c.objc; path = BaseModel.m; sourceTree = "<group>"; };
		C88EB7B1205B6B86008092BB /* PrefixHeader.pch */ = {isa = PBXFileReference; lastKnownFileType = sourcecode.c.h; path = PrefixHeader.pch; sourceTree = "<group>"; };
		C88EB7B3205B9301008092BB /* Define.h */ = {isa = PBXFileReference; lastKnownFileType = sourcecode.c.h; path = Define.h; sourceTree = "<group>"; };
		C8C1B01E206391D4007BE1BD /* CustomViewController.h */ = {isa = PBXFileReference; lastKnownFileType = sourcecode.c.h; path = CustomViewController.h; sourceTree = "<group>"; };
		C8C1B01F206391D4007BE1BD /* CustomViewController.m */ = {isa = PBXFileReference; lastKnownFileType = sourcecode.c.objc; path = CustomViewController.m; sourceTree = "<group>"; };
		C8C1B02120639222007BE1BD /* MarqueeLabelView.h */ = {isa = PBXFileReference; lastKnownFileType = sourcecode.c.h; path = MarqueeLabelView.h; sourceTree = "<group>"; };
		C8C1B02220639222007BE1BD /* MarqueeLabelView.m */ = {isa = PBXFileReference; lastKnownFileType = sourcecode.c.objc; path = MarqueeLabelView.m; sourceTree = "<group>"; };
		C8C1B0242063925E007BE1BD /* CustomLabelViewController.h */ = {isa = PBXFileReference; lastKnownFileType = sourcecode.c.h; path = CustomLabelViewController.h; sourceTree = "<group>"; };
		C8C1B0252063925E007BE1BD /* CustomLabelViewController.m */ = {isa = PBXFileReference; lastKnownFileType = sourcecode.c.objc; path = CustomLabelViewController.m; sourceTree = "<group>"; };
		C8C1B02720639C82007BE1BD /* UIView+Parameter.h */ = {isa = PBXFileReference; lastKnownFileType = sourcecode.c.h; path = "UIView+Parameter.h"; sourceTree = "<group>"; };
		C8C1B02820639C82007BE1BD /* UIView+Parameter.m */ = {isa = PBXFileReference; lastKnownFileType = sourcecode.c.objc; path = "UIView+Parameter.m"; sourceTree = "<group>"; };
		C8C1B0312063A1A3007BE1BD /* MarqueeLabelViewController.h */ = {isa = PBXFileReference; lastKnownFileType = sourcecode.c.h; path = MarqueeLabelViewController.h; sourceTree = "<group>"; };
		C8C1B0322063A1A3007BE1BD /* MarqueeLabelViewController.m */ = {isa = PBXFileReference; lastKnownFileType = sourcecode.c.objc; path = MarqueeLabelViewController.m; sourceTree = "<group>"; };
		C8C1B0372063D59B007BE1BD /* BaseViewController.h */ = {isa = PBXFileReference; lastKnownFileType = sourcecode.c.h; path = BaseViewController.h; sourceTree = "<group>"; };
		C8C1B0382063D59B007BE1BD /* BaseViewController.m */ = {isa = PBXFileReference; lastKnownFileType = sourcecode.c.objc; path = BaseViewController.m; sourceTree = "<group>"; };
		C8C1B03A2063D735007BE1BD /* PrintLabelViewController.h */ = {isa = PBXFileReference; lastKnownFileType = sourcecode.c.h; path = PrintLabelViewController.h; sourceTree = "<group>"; };
		C8C1B03B2063D735007BE1BD /* PrintLabelViewController.m */ = {isa = PBXFileReference; lastKnownFileType = sourcecode.c.objc; path = PrintLabelViewController.m; sourceTree = "<group>"; };
		C8C1B03D2063D775007BE1BD /* PrintLabel.h */ = {isa = PBXFileReference; lastKnownFileType = sourcecode.c.h; path = PrintLabel.h; sourceTree = "<group>"; };
		C8C1B03E2063D775007BE1BD /* PrintLabel.m */ = {isa = PBXFileReference; lastKnownFileType = sourcecode.c.objc; path = PrintLabel.m; sourceTree = "<group>"; };
		C8C1B0402063D799007BE1BD /* printerVoice.wav */ = {isa = PBXFileReference; lastKnownFileType = audio.wav; path = printerVoice.wav; sourceTree = "<group>"; };
/* End PBXFileReference section */

/* Begin PBXFrameworksBuildPhase section */
		C88EB753205A8FCB008092BB /* Frameworks */ = {
			isa = PBXFrameworksBuildPhase;
			buildActionMask = 2147483647;
			files = (
				F80466303773F6D038E3D5BA /* libPods-ToolsApp.a in Frameworks */,
			);
			runOnlyForDeploymentPostprocessing = 0;
		};
		C88EB76B205A8FCB008092BB /* Frameworks */ = {
			isa = PBXFrameworksBuildPhase;
			buildActionMask = 2147483647;
			files = (
			);
			runOnlyForDeploymentPostprocessing = 0;
		};
		C88EB776205A8FCB008092BB /* Frameworks */ = {
			isa = PBXFrameworksBuildPhase;
			buildActionMask = 2147483647;
			files = (
			);
			runOnlyForDeploymentPostprocessing = 0;
		};
/* End PBXFrameworksBuildPhase section */

/* Begin PBXGroup section */
		32351080FA641F76CA6ABA80 /* Pods */ = {
			isa = PBXGroup;
			children = (
				ABE226E4533FD9A918EE24B5 /* Pods-ToolsApp.debug.xcconfig */,
				5F3157088BE96E80FB4545C1 /* Pods-ToolsApp.release.xcconfig */,
			);
			name = Pods;
			sourceTree = "<group>";
		};
		72190FBD7ECF6D3BB04ACE76 /* Frameworks */ = {
			isa = PBXGroup;
			children = (
				4B629192B0ECE3A007F659F9 /* libPods-ToolsApp.a */,
			);
			name = Frameworks;
			sourceTree = "<group>";
		};
		C820B2052063539900C80A4C /* Source */ = {
			isa = PBXGroup;
			children = (
				C820B209206353AF00C80A4C /* i1.jpg */,
				C820B206206353AF00C80A4C /* i2.jpg */,
				C820B20A206353AF00C80A4C /* i3.jpg */,
				C820B208206353AF00C80A4C /* i4.jpg */,
				C820B207206353AF00C80A4C /* i5.jpg */,
			);
			path = Source;
			sourceTree = "<group>";
		};
		C84193CD206A14F5009CA6C6 /* 浏览器封装 */ = {
			isa = PBXGroup;
			children = (
				C84193CE206A1552009CA6C6 /* WebBrowserViewController.h */,
				C84193CF206A1552009CA6C6 /* WebBrowserViewController.m */,
			);
			path = "浏览器封装";
			sourceTree = "<group>";
		};
		C85ACAA1205E5A2D008ED51A /* 功能合集 */ = {
			isa = PBXGroup;
			children = (
				C84193CD206A14F5009CA6C6 /* 浏览器封装 */,
				C85ACABE205FB596008ED51A /* 自定义控件 */,
				C85ACAA7205E64A5008ED51A /* 视图布局 */,
				C85ACAA6205E6493008ED51A /* 启动通知 */,
				C85ACAA5205E6481008ED51A /* 引导页面 */,
				C85ACAA4205E646B008ED51A /* 开屏广告 */,
				C85ACAA3205E5A74008ED51A /* 基本动画 */,
			);
			path = "功能合集";
			sourceTree = "<group>";
		};
		C85ACAA3205E5A74008ED51A /* 基本动画 */ = {
			isa = PBXGroup;
			children = (
			);
			path = "基本动画";
			sourceTree = "<group>";
		};
		C85ACAA4205E646B008ED51A /* 开屏广告 */ = {
			isa = PBXGroup;
			children = (
				C876A4262060B7480048728C /* Source */,
				C876A41E2060ADF80048728C /* Model */,
				C85ACABA205FA65F008ED51A /* Manager */,
				C85ACABB205FA69A008ED51A /* LaunchAdViewController.h */,
				C85ACABC205FA69A008ED51A /* LaunchAdViewController.m */,
			);
			path = "开屏广告";
			sourceTree = "<group>";
		};
		C85ACAA5205E6481008ED51A /* 引导页面 */ = {
			isa = PBXGroup;
			children = (
				C85ACAB4205F9917008ED51A /* GuidePageView */,
				C85ACAB5205F9DA1008ED51A /* GuidePageViewController.h */,
				C85ACAB6205F9DA1008ED51A /* GuidePageViewController.m */,
			);
			path = "引导页面";
			sourceTree = "<group>";
		};
		C85ACAA6205E6493008ED51A /* 启动通知 */ = {
			isa = PBXGroup;
			children = (
			);
			path = "启动通知";
			sourceTree = "<group>";
		};
		C85ACAA7205E64A5008ED51A /* 视图布局 */ = {
			isa = PBXGroup;
			children = (
				C876A443206101B30048728C /* 轮播图 */,
				C876A4422061019B0048728C /* 卡片切换 */,
				C876A4412061018F0048728C /* 瀑布流 */,
				C876A42C2060FDFA0048728C /* LayoutListViewController.h */,
				C876A42D2060FDFA0048728C /* LayoutListViewController.m */,
			);
			path = "视图布局";
			sourceTree = "<group>";
		};
		C85ACAAB205F64F6008ED51A /* image */ = {
			isa = PBXGroup;
			children = (
				C85ACAB8205FA5DE008ED51A /* home_bgImage.jpg */,
				C85ACAAD205F6579008ED51A /* guide_01.jpg */,
				C85ACAAC205F6579008ED51A /* guide_02.jpg */,
				C85ACAAF205F657A008ED51A /* guide_03.jpg */,
				C85ACAAE205F6579008ED51A /* guide_04.jpg */,
			);
			path = image;
			sourceTree = "<group>";
		};
		C85ACAB4205F9917008ED51A /* GuidePageView */ = {
			isa = PBXGroup;
			children = (
				C85ACAAB205F64F6008ED51A /* image */,
				C85ACAA8205F5087008ED51A /* YCGGuidePageView.h */,
				C85ACAA9205F5087008ED51A /* YCGGuidePageView.m */,
			);
			path = GuidePageView;
			sourceTree = "<group>";
		};
		C85ACABA205FA65F008ED51A /* Manager */ = {
			isa = PBXGroup;
			children = (
				C876A4232060B3800048728C /* LaunchAdManager.h */,
				C876A4242060B3800048728C /* LaunchAdManager.m */,
			);
			path = Manager;
			sourceTree = "<group>";
		};
		C85ACABE205FB596008ED51A /* 自定义控件 */ = {
			isa = PBXGroup;
			children = (
				C85ACAC0205FB5C9008ED51A /* CustomButton */,
				C85ACABF205FB5BF008ED51A /* CustomLabel */,
				C8C1B01E206391D4007BE1BD /* CustomViewController.h */,
				C8C1B01F206391D4007BE1BD /* CustomViewController.m */,
			);
			path = "自定义控件";
			sourceTree = "<group>";
		};
		C85ACABF205FB5BF008ED51A /* CustomLabel */ = {
			isa = PBXGroup;
			children = (
				C8C1B0342063D420007BE1BD /* PrintLabel(打印机) */,
				C8D00ABE2063911800530149 /* MarqueeLabel(跑马灯) */,
				C8C1B0242063925E007BE1BD /* CustomLabelViewController.h */,
				C8C1B0252063925E007BE1BD /* CustomLabelViewController.m */,
			);
			path = CustomLabel;
			sourceTree = "<group>";
		};
		C85ACAC0205FB5C9008ED51A /* CustomButton */ = {
			isa = PBXGroup;
			children = (
			);
			path = CustomButton;
			sourceTree = "<group>";
		};
		C876A41E2060ADF80048728C /* Model */ = {
			isa = PBXGroup;
			children = (
				C876A41F2060AE310048728C /* LaunchAdModel.h */,
				C876A4202060AE310048728C /* LaunchAdModel.m */,
			);
			path = Model;
			sourceTree = "<group>";
		};
		C876A4222060AE420048728C /* Networking */ = {
			isa = PBXGroup;
			children = (
				C876A4292060BC760048728C /* Network.h */,
				C876A42A2060BC760048728C /* Network.m */,
			);
			path = Networking;
			sourceTree = "<group>";
		};
		C876A4262060B7480048728C /* Source */ = {
			isa = PBXGroup;
			children = (
				C876A4332060FFF40048728C /* image0.jpg */,
				C876A4362060FFF40048728C /* image1.jpg */,
				C876A42F2060FFF30048728C /* image2.jpg */,
				C876A4372060FFF40048728C /* image3.jpg */,
				C876A4302060FFF30048728C /* image4.jpg */,
				C876A4322060FFF40048728C /* image11.gif */,
				C876A4352060FFF40048728C /* image12.gif */,
				C876A4312060FFF30048728C /* video0.mp4 */,
				C876A4342060FFF40048728C /* video1.mp4 */,
				C876A4272060B78C0048728C /* LaunchAdData.json */,
			);
			path = Source;
			sourceTree = "<group>";
		};
		C876A4412061018F0048728C /* 瀑布流 */ = {
			isa = PBXGroup;
			children = (
				C876A485206253580048728C /* Layout */,
				C876A459206202850048728C /* Source */,
				C876A449206102730048728C /* Model */,
				C876A4472061022A0048728C /* View */,
				C876A444206102250048728C /* WaterFallViewController.h */,
				C876A445206102250048728C /* WaterFallViewController.m */,
			);
			path = "瀑布流";
			sourceTree = "<group>";
		};
		C876A4422061019B0048728C /* 卡片切换 */ = {
			isa = PBXGroup;
			children = (
				C820B2052063539900C80A4C /* Source */,
				C876A47B206251AA0048728C /* View */,
				C876A47A206251A30048728C /* Layout */,
				C876A4772062505D0048728C /* CardLayoutViewController.h */,
				C876A4782062505D0048728C /* CardLayoutViewController.m */,
			);
			path = "卡片切换";
			sourceTree = "<group>";
		};
		C876A443206101B30048728C /* 轮播图 */ = {
			isa = PBXGroup;
			children = (
				C876A47420623C690048728C /* Source */,
				C876A46D20622CBE0048728C /* Model */,
				C876A463206227EF0048728C /* View */,
				C876A460206227CB0048728C /* CyclePageViewController.h */,
				C876A461206227CC0048728C /* CyclePageViewController.m */,
			);
			path = "轮播图";
			sourceTree = "<group>";
		};
		C876A4472061022A0048728C /* View */ = {
			isa = PBXGroup;
			children = (
				C876A44A2061034D0048728C /* WaterFallCell.h */,
				C876A44B2061034D0048728C /* WaterFallCell.m */,
			);
			path = View;
			sourceTree = "<group>";
		};
		C876A449206102730048728C /* Model */ = {
			isa = PBXGroup;
			children = (
				C876A44D206105A70048728C /* WaterFallDataModel.h */,
				C876A44E206105A70048728C /* WaterFallDataModel.m */,
			);
			path = Model;
			sourceTree = "<group>";
		};
		C876A459206202850048728C /* Source */ = {
			isa = PBXGroup;
			children = (
				C876A45C2062029C0048728C /* 1.plist */,
				C876A45A2062029C0048728C /* 2.plist */,
				C876A45B2062029C0048728C /* 3.plist */,
			);
			path = Source;
			sourceTree = "<group>";
		};
		C876A463206227EF0048728C /* View */ = {
			isa = PBXGroup;
			children = (
				C876A46420622AF50048728C /* CycleImageView.h */,
				C876A46520622AF50048728C /* CycleImageView.m */,
				C876A46720622B2B0048728C /* CycleImageViewCell.h */,
				C876A46820622B2B0048728C /* CycleImageViewCell.m */,
				C876A46A20622B840048728C /* CycleImageViewPageControl.h */,
				C876A46B20622B840048728C /* CycleImageViewPageControl.m */,
			);
			path = View;
			sourceTree = "<group>";
		};
		C876A46D20622CBE0048728C /* Model */ = {
			isa = PBXGroup;
			children = (
				C876A46E20622CD80048728C /* CycleImageModel.h */,
				C876A46F20622CD80048728C /* CycleImageModel.m */,
			);
			path = Model;
			sourceTree = "<group>";
		};
		C876A47420623C690048728C /* Source */ = {
			isa = PBXGroup;
			children = (
				C876A47520623D810048728C /* cycleImage.plist */,
			);
			path = Source;
			sourceTree = "<group>";
		};
		C876A47A206251A30048728C /* Layout */ = {
			isa = PBXGroup;
			children = (
				C876A47C206251FE0048728C /* CardFlowLayout.h */,
				C876A47D206251FE0048728C /* CardFlowLayout.m */,
			);
			path = Layout;
			sourceTree = "<group>";
		};
		C876A47B206251AA0048728C /* View */ = {
			isa = PBXGroup;
			children = (
				C876A47F2062529C0048728C /* CardLayoutCell.h */,
				C876A4802062529C0048728C /* CardLayoutCell.m */,
				C876A486206256130048728C /* CardLayoutView.h */,
				C876A487206256130048728C /* CardLayoutView.m */,
			);
			path = View;
			sourceTree = "<group>";
		};
		C876A485206253580048728C /* Layout */ = {
			isa = PBXGroup;
			children = (
				C876A45620610BDC0048728C /* WaterFlowLayout.h */,
				C876A45720610BDC0048728C /* WaterFlowLayout.m */,
			);
			path = Layout;
			sourceTree = "<group>";
		};
		C88EB74D205A8FCB008092BB = {
			isa = PBXGroup;
			children = (
				C88EB758205A8FCB008092BB /* ToolsApp */,
				C88EB771205A8FCB008092BB /* ToolsAppTests */,
				C88EB77C205A8FCB008092BB /* ToolsAppUITests */,
				C88EB757205A8FCB008092BB /* Products */,
				32351080FA641F76CA6ABA80 /* Pods */,
				72190FBD7ECF6D3BB04ACE76 /* Frameworks */,
			);
			sourceTree = "<group>";
		};
		C88EB757205A8FCB008092BB /* Products */ = {
			isa = PBXGroup;
			children = (
				C88EB756205A8FCB008092BB /* ToolsApp.app */,
				C88EB76E205A8FCB008092BB /* ToolsAppTests.xctest */,
				C88EB779205A8FCB008092BB /* ToolsAppUITests.xctest */,
			);
			name = Products;
			sourceTree = "<group>";
		};
		C88EB758205A8FCB008092BB /* ToolsApp */ = {
			isa = PBXGroup;
			children = (
				C88EB7B2205B92A3008092BB /* Utils(工具) */,
				C85ACAA1205E5A2D008ED51A /* 功能合集 */,
				C88EB797205A9C52008092BB /* ActivityController(活动) */,
				C88EB796205A9C3D008092BB /* MeController(我的) */,
				C88EB795205A9C19008092BB /* FindController(发现) */,
				C88EB794205A9C03008092BB /* HomeController(首页) */,
				C88EB78C205A9362008092BB /* BaseClass(基类) */,
				C88EB78B205A92A0008092BB /* Supporting Files */,
			);
			path = ToolsApp;
			sourceTree = "<group>";
		};
		C88EB771205A8FCB008092BB /* ToolsAppTests */ = {
			isa = PBXGroup;
			children = (
				C88EB772205A8FCB008092BB /* ToolsAppTests.m */,
				C88EB774205A8FCB008092BB /* Info.plist */,
			);
			path = ToolsAppTests;
			sourceTree = "<group>";
		};
		C88EB77C205A8FCB008092BB /* ToolsAppUITests */ = {
			isa = PBXGroup;
			children = (
				C88EB77D205A8FCB008092BB /* ToolsAppUITests.m */,
				C88EB77F205A8FCB008092BB /* Info.plist */,
			);
			path = ToolsAppUITests;
			sourceTree = "<group>";
		};
		C88EB78B205A92A0008092BB /* Supporting Files */ = {
			isa = PBXGroup;
			children = (
				C88EB759205A8FCB008092BB /* AppDelegate.h */,
				C88EB75A205A8FCB008092BB /* AppDelegate.m */,
				C88EB762205A8FCB008092BB /* Assets.xcassets */,
				C88EB764205A8FCB008092BB /* LaunchScreen.storyboard */,
				C88EB767205A8FCB008092BB /* Info.plist */,
				C88EB768205A8FCB008092BB /* main.m */,
				C88EB7B1205B6B86008092BB /* PrefixHeader.pch */,
			);
			path = "Supporting Files";
			sourceTree = "<group>";
		};
		C88EB78C205A9362008092BB /* BaseClass(基类) */ = {
			isa = PBXGroup;
			children = (
				C88EB78D205A9516008092BB /* NavigationController */,
				C8D00ABD20638D2E00530149 /* TabbarController */,
				C88EB7A7205B6391008092BB /* BaseTableViewController.h */,
				C88EB7A8205B6391008092BB /* BaseTableViewController.m */,
				C88EB7AE205B6769008092BB /* BaseModel.h */,
				C88EB7AF205B6769008092BB /* BaseModel.m */,
				C8C1B0372063D59B007BE1BD /* BaseViewController.h */,
				C8C1B0382063D59B007BE1BD /* BaseViewController.m */,
			);
			path = "BaseClass(基类)";
			sourceTree = "<group>";
		};
		C88EB78D205A9516008092BB /* NavigationController */ = {
			isa = PBXGroup;
			children = (
				C88EB791205A9645008092BB /* NavigationController.h */,
				C88EB792205A9645008092BB /* NavigationController.m */,
			);
			path = NavigationController;
			sourceTree = "<group>";
		};
		C88EB794205A9C03008092BB /* HomeController(首页) */ = {
			isa = PBXGroup;
			children = (
				C88EB7AB205B6731008092BB /* YCGHomeDataModel.h */,
				C88EB7AC205B6731008092BB /* YCGHomeDataModel.m */,
				C88EB79B205A9D1E008092BB /* YCGHomeViewController.h */,
				C88EB79C205A9D1E008092BB /* YCGHomeViewController.m */,
			);
			path = "HomeController(首页)";
			sourceTree = "<group>";
		};
		C88EB795205A9C19008092BB /* FindController(发现) */ = {
			isa = PBXGroup;
			children = (
				C88EB79E205A9D3E008092BB /* YCGFindViewController.h */,
				C88EB79F205A9D3E008092BB /* YCGFindViewController.m */,
			);
			path = "FindController(发现)";
			sourceTree = "<group>";
		};
		C88EB796205A9C3D008092BB /* MeController(我的) */ = {
			isa = PBXGroup;
			children = (
				C88EB7A1205A9D4D008092BB /* YCGMeViewController.h */,
				C88EB7A2205A9D4D008092BB /* YCGMeViewController.m */,
			);
			path = "MeController(我的)";
			sourceTree = "<group>";
		};
		C88EB797205A9C52008092BB /* ActivityController(活动) */ = {
			isa = PBXGroup;
			children = (
				C88EB7A4205A9D62008092BB /* YCGActivityViewController.h */,
				C88EB7A5205A9D62008092BB /* YCGActivityViewController.m */,
			);
			path = "ActivityController(活动)";
			sourceTree = "<group>";
		};
		C88EB7B2205B92A3008092BB /* Utils(工具) */ = {
			isa = PBXGroup;
			children = (
				C876A4222060AE420048728C /* Networking */,
				C88EB7B3205B9301008092BB /* Define.h */,
				C876A471206230830048728C /* NSString+RegexCategory.h */,
				C876A472206230830048728C /* NSString+RegexCategory.m */,
				C8C1B02720639C82007BE1BD /* UIView+Parameter.h */,
				C8C1B02820639C82007BE1BD /* UIView+Parameter.m */,
			);
			path = "Utils(工具)";
			sourceTree = "<group>";
		};
		C8C1B02A20639FC3007BE1BD /* View */ = {
			isa = PBXGroup;
			children = (
				C8C1B02120639222007BE1BD /* MarqueeLabelView.h */,
				C8C1B02220639222007BE1BD /* MarqueeLabelView.m */,
			);
			path = View;
			sourceTree = "<group>";
		};
		C8C1B0342063D420007BE1BD /* PrintLabel(打印机) */ = {
			isa = PBXGroup;
			children = (
				C8C1B0362063D46C007BE1BD /* Voice */,
				C8C1B0352063D447007BE1BD /* View */,
				C8C1B03A2063D735007BE1BD /* PrintLabelViewController.h */,
				C8C1B03B2063D735007BE1BD /* PrintLabelViewController.m */,
			);
			path = "PrintLabel(打印机)";
			sourceTree = "<group>";
		};
		C8C1B0352063D447007BE1BD /* View */ = {
			isa = PBXGroup;
			children = (
				C8C1B03D2063D775007BE1BD /* PrintLabel.h */,
				C8C1B03E2063D775007BE1BD /* PrintLabel.m */,
			);
			path = View;
			sourceTree = "<group>";
		};
		C8C1B0362063D46C007BE1BD /* Voice */ = {
			isa = PBXGroup;
			children = (
				C8C1B0402063D799007BE1BD /* printerVoice.wav */,
			);
			path = Voice;
			sourceTree = "<group>";
		};
		C8D00ABD20638D2E00530149 /* TabbarController */ = {
			isa = PBXGroup;
			children = (
				C88EB78E205A960F008092BB /* TabBarController.h */,
				C88EB78F205A960F008092BB /* TabBarController.m */,
			);
			path = TabbarController;
			sourceTree = "<group>";
		};
		C8D00ABE2063911800530149 /* MarqueeLabel(跑马灯) */ = {
			isa = PBXGroup;
			children = (
				C8C1B02A20639FC3007BE1BD /* View */,
				C8C1B0312063A1A3007BE1BD /* MarqueeLabelViewController.h */,
				C8C1B0322063A1A3007BE1BD /* MarqueeLabelViewController.m */,
			);
			path = "MarqueeLabel(跑马灯)";
			sourceTree = "<group>";
		};
/* End PBXGroup section */

/* Begin PBXNativeTarget section */
		C88EB755205A8FCB008092BB /* ToolsApp */ = {
			isa = PBXNativeTarget;
			buildConfigurationList = C88EB782205A8FCB008092BB /* Build configuration list for PBXNativeTarget "ToolsApp" */;
			buildPhases = (
				37B016E6B35F8B865058FD75 /* [CP] Check Pods Manifest.lock */,
				C88EB752205A8FCB008092BB /* Sources */,
				C88EB753205A8FCB008092BB /* Frameworks */,
				C88EB754205A8FCB008092BB /* Resources */,
				18FBF022EC44F80C4E6125FA /* [CP] Embed Pods Frameworks */,
				EDB1A0D1E64A9C11D6F0F4B5 /* [CP] Copy Pods Resources */,
			);
			buildRules = (
			);
			dependencies = (
			);
			name = ToolsApp;
			productName = ToolsApp;
			productReference = C88EB756205A8FCB008092BB /* ToolsApp.app */;
			productType = "com.apple.product-type.application";
		};
		C88EB76D205A8FCB008092BB /* ToolsAppTests */ = {
			isa = PBXNativeTarget;
			buildConfigurationList = C88EB785205A8FCB008092BB /* Build configuration list for PBXNativeTarget "ToolsAppTests" */;
			buildPhases = (
				C88EB76A205A8FCB008092BB /* Sources */,
				C88EB76B205A8FCB008092BB /* Frameworks */,
				C88EB76C205A8FCB008092BB /* Resources */,
			);
			buildRules = (
			);
			dependencies = (
				C88EB770205A8FCB008092BB /* PBXTargetDependency */,
			);
			name = ToolsAppTests;
			productName = ToolsAppTests;
			productReference = C88EB76E205A8FCB008092BB /* ToolsAppTests.xctest */;
			productType = "com.apple.product-type.bundle.unit-test";
		};
		C88EB778205A8FCB008092BB /* ToolsAppUITests */ = {
			isa = PBXNativeTarget;
			buildConfigurationList = C88EB788205A8FCB008092BB /* Build configuration list for PBXNativeTarget "ToolsAppUITests" */;
			buildPhases = (
				C88EB775205A8FCB008092BB /* Sources */,
				C88EB776205A8FCB008092BB /* Frameworks */,
				C88EB777205A8FCB008092BB /* Resources */,
			);
			buildRules = (
			);
			dependencies = (
				C88EB77B205A8FCB008092BB /* PBXTargetDependency */,
			);
			name = ToolsAppUITests;
			productName = ToolsAppUITests;
			productReference = C88EB779205A8FCB008092BB /* ToolsAppUITests.xctest */;
			productType = "com.apple.product-type.bundle.ui-testing";
		};
/* End PBXNativeTarget section */

/* Begin PBXProject section */
		C88EB74E205A8FCB008092BB /* Project object */ = {
			isa = PBXProject;
			attributes = {
				LastUpgradeCheck = 0920;
				ORGANIZATIONNAME = com.yangcg.learn;
				TargetAttributes = {
					C88EB755205A8FCB008092BB = {
						CreatedOnToolsVersion = 9.2;
						ProvisioningStyle = Automatic;
					};
					C88EB76D205A8FCB008092BB = {
						CreatedOnToolsVersion = 9.2;
						ProvisioningStyle = Automatic;
						TestTargetID = C88EB755205A8FCB008092BB;
					};
					C88EB778205A8FCB008092BB = {
						CreatedOnToolsVersion = 9.2;
						ProvisioningStyle = Automatic;
						TestTargetID = C88EB755205A8FCB008092BB;
					};
				};
			};
			buildConfigurationList = C88EB751205A8FCB008092BB /* Build configuration list for PBXProject "ToolsApp" */;
			compatibilityVersion = "Xcode 8.0";
			developmentRegion = en;
			hasScannedForEncodings = 0;
			knownRegions = (
				en,
				Base,
			);
			mainGroup = C88EB74D205A8FCB008092BB;
			productRefGroup = C88EB757205A8FCB008092BB /* Products */;
			projectDirPath = "";
			projectRoot = "";
			targets = (
				C88EB755205A8FCB008092BB /* ToolsApp */,
				C88EB76D205A8FCB008092BB /* ToolsAppTests */,
				C88EB778205A8FCB008092BB /* ToolsAppUITests */,
			);
		};
/* End PBXProject section */

/* Begin PBXResourcesBuildPhase section */
		C88EB754205A8FCB008092BB /* Resources */ = {
			isa = PBXResourcesBuildPhase;
			buildActionMask = 2147483647;
			files = (
				C88EB766205A8FCB008092BB /* LaunchScreen.storyboard in Resources */,
				C876A43D2060FFF40048728C /* video1.mp4 in Resources */,
				C820B20D206353AF00C80A4C /* i4.jpg in Resources */,
				C8C1B0412063D799007BE1BD /* printerVoice.wav in Resources */,
				C85ACAB3205F657A008ED51A /* guide_03.jpg in Resources */,
				C85ACAB1205F657A008ED51A /* guide_01.jpg in Resources */,
				C876A4282060B78C0048728C /* LaunchAdData.json in Resources */,
				C876A43A2060FFF40048728C /* video0.mp4 in Resources */,
				C876A43C2060FFF40048728C /* image0.jpg in Resources */,
				C876A4382060FFF40048728C /* image2.jpg in Resources */,
				C876A4402060FFF40048728C /* image3.jpg in Resources */,
				C876A45E2062029C0048728C /* 3.plist in Resources */,
				C876A47620623D810048728C /* cycleImage.plist in Resources */,
				C876A45F2062029C0048728C /* 1.plist in Resources */,
				C820B20F206353AF00C80A4C /* i3.jpg in Resources */,
				C876A45D2062029C0048728C /* 2.plist in Resources */,
				C876A43E2060FFF40048728C /* image12.gif in Resources */,
				C85ACAB9205FA5DE008ED51A /* home_bgImage.jpg in Resources */,
				C876A4392060FFF40048728C /* image4.jpg in Resources */,
				C820B20C206353AF00C80A4C /* i5.jpg in Resources */,
				C876A43B2060FFF40048728C /* image11.gif in Resources */,
				C85ACAB0205F657A008ED51A /* guide_02.jpg in Resources */,
				C820B20E206353AF00C80A4C /* i1.jpg in Resources */,
				C820B20B206353AF00C80A4C /* i2.jpg in Resources */,
				C876A43F2060FFF40048728C /* image1.jpg in Resources */,
				C85ACAB2205F657A008ED51A /* guide_04.jpg in Resources */,
				C88EB763205A8FCB008092BB /* Assets.xcassets in Resources */,
			);
			runOnlyForDeploymentPostprocessing = 0;
		};
		C88EB76C205A8FCB008092BB /* Resources */ = {
			isa = PBXResourcesBuildPhase;
			buildActionMask = 2147483647;
			files = (
			);
			runOnlyForDeploymentPostprocessing = 0;
		};
		C88EB777205A8FCB008092BB /* Resources */ = {
			isa = PBXResourcesBuildPhase;
			buildActionMask = 2147483647;
			files = (
			);
			runOnlyForDeploymentPostprocessing = 0;
		};
/* End PBXResourcesBuildPhase section */

/* Begin PBXShellScriptBuildPhase section */
		18FBF022EC44F80C4E6125FA /* [CP] Embed Pods Frameworks */ = {
			isa = PBXShellScriptBuildPhase;
			buildActionMask = 2147483647;
			files = (
			);
			inputPaths = (
			);
			name = "[CP] Embed Pods Frameworks";
			outputPaths = (
			);
			runOnlyForDeploymentPostprocessing = 0;
			shellPath = /bin/sh;
			shellScript = "\"${SRCROOT}/Pods/Target Support Files/Pods-ToolsApp/Pods-ToolsApp-frameworks.sh\"\n";
			showEnvVarsInLog = 0;
		};
		37B016E6B35F8B865058FD75 /* [CP] Check Pods Manifest.lock */ = {
			isa = PBXShellScriptBuildPhase;
			buildActionMask = 2147483647;
			files = (
			);
			inputPaths = (
				"${PODS_PODFILE_DIR_PATH}/Podfile.lock",
				"${PODS_ROOT}/Manifest.lock",
			);
			name = "[CP] Check Pods Manifest.lock";
			outputPaths = (
				"$(DERIVED_FILE_DIR)/Pods-ToolsApp-checkManifestLockResult.txt",
			);
			runOnlyForDeploymentPostprocessing = 0;
			shellPath = /bin/sh;
			shellScript = "diff \"${PODS_PODFILE_DIR_PATH}/Podfile.lock\" \"${PODS_ROOT}/Manifest.lock\" > /dev/null\nif [ $? != 0 ] ; then\n    # print error to STDERR\n    echo \"error: The sandbox is not in sync with the Podfile.lock. Run 'pod install' or update your CocoaPods installation.\" >&2\n    exit 1\nfi\n# This output is used by Xcode 'outputs' to avoid re-running this script phase.\necho \"SUCCESS\" > \"${SCRIPT_OUTPUT_FILE_0}\"\n";
			showEnvVarsInLog = 0;
		};
		EDB1A0D1E64A9C11D6F0F4B5 /* [CP] Copy Pods Resources */ = {
			isa = PBXShellScriptBuildPhase;
			buildActionMask = 2147483647;
			files = (
			);
			inputPaths = (
			);
			name = "[CP] Copy Pods Resources";
			outputPaths = (
			);
			runOnlyForDeploymentPostprocessing = 0;
			shellPath = /bin/sh;
			shellScript = "\"${SRCROOT}/Pods/Target Support Files/Pods-ToolsApp/Pods-ToolsApp-resources.sh\"\n";
			showEnvVarsInLog = 0;
		};
/* End PBXShellScriptBuildPhase section */

/* Begin PBXSourcesBuildPhase section */
		C88EB752205A8FCB008092BB /* Sources */ = {
			isa = PBXSourcesBuildPhase;
			buildActionMask = 2147483647;
			files = (
				C8C1B0332063A1A3007BE1BD /* MarqueeLabelViewController.m in Sources */,
				C876A473206230830048728C /* NSString+RegexCategory.m in Sources */,
				C876A4252060B3800048728C /* LaunchAdManager.m in Sources */,
				C8C1B02320639222007BE1BD /* MarqueeLabelView.m in Sources */,
				C8C1B02920639C82007BE1BD /* UIView+Parameter.m in Sources */,
				C88EB793205A9645008092BB /* NavigationController.m in Sources */,
				C8C1B020206391D4007BE1BD /* CustomViewController.m in Sources */,
				C876A4812062529C0048728C /* CardLayoutCell.m in Sources */,
				C88EB769205A8FCB008092BB /* main.m in Sources */,
				C88EB7A6205A9D62008092BB /* YCGActivityViewController.m in Sources */,
				C8C1B03C2063D735007BE1BD /* PrintLabelViewController.m in Sources */,
				C88EB790205A960F008092BB /* TabBarController.m in Sources */,
				C88EB7B0205B6769008092BB /* BaseModel.m in Sources */,
				C876A44C2061034D0048728C /* WaterFallCell.m in Sources */,
				C876A46C20622B850048728C /* CycleImageViewPageControl.m in Sources */,
				C8C1B0262063925E007BE1BD /* CustomLabelViewController.m in Sources */,
				C85ACABD205FA69A008ED51A /* LaunchAdViewController.m in Sources */,
				C876A462206227CC0048728C /* CyclePageViewController.m in Sources */,
				C88EB79D205A9D1E008092BB /* YCGHomeViewController.m in Sources */,
				C876A488206256130048728C /* CardLayoutView.m in Sources */,
				C84193D0206A1552009CA6C6 /* WebBrowserViewController.m in Sources */,
				C8C1B0392063D59B007BE1BD /* BaseViewController.m in Sources */,
				C88EB7AD205B6731008092BB /* YCGHomeDataModel.m in Sources */,
				C88EB7A0205A9D3E008092BB /* YCGFindViewController.m in Sources */,
				C85ACAB7205F9DA1008ED51A /* GuidePageViewController.m in Sources */,
				C85ACAAA205F5087008ED51A /* YCGGuidePageView.m in Sources */,
				C876A4212060AE310048728C /* LaunchAdModel.m in Sources */,
				C876A44F206105A70048728C /* WaterFallDataModel.m in Sources */,
				C88EB75B205A8FCB008092BB /* AppDelegate.m in Sources */,
				C876A4792062505D0048728C /* CardLayoutViewController.m in Sources */,
				C88EB7A9205B6391008092BB /* BaseTableViewController.m in Sources */,
				C876A47020622CD80048728C /* CycleImageModel.m in Sources */,
				C876A47E206251FE0048728C /* CardFlowLayout.m in Sources */,
				C876A45820610BDC0048728C /* WaterFlowLayout.m in Sources */,
				C876A42E2060FDFA0048728C /* LayoutListViewController.m in Sources */,
				C876A446206102250048728C /* WaterFallViewController.m in Sources */,
				C876A42B2060BC760048728C /* Network.m in Sources */,
				C8C1B03F2063D775007BE1BD /* PrintLabel.m in Sources */,
				C876A46620622AF50048728C /* CycleImageView.m in Sources */,
				C88EB7A3205A9D4D008092BB /* YCGMeViewController.m in Sources */,
				C876A46920622B2B0048728C /* CycleImageViewCell.m in Sources */,
			);
			runOnlyForDeploymentPostprocessing = 0;
		};
		C88EB76A205A8FCB008092BB /* Sources */ = {
			isa = PBXSourcesBuildPhase;
			buildActionMask = 2147483647;
			files = (
				C88EB773205A8FCB008092BB /* ToolsAppTests.m in Sources */,
			);
			runOnlyForDeploymentPostprocessing = 0;
		};
		C88EB775205A8FCB008092BB /* Sources */ = {
			isa = PBXSourcesBuildPhase;
			buildActionMask = 2147483647;
			files = (
				C88EB77E205A8FCB008092BB /* ToolsAppUITests.m in Sources */,
			);
			runOnlyForDeploymentPostprocessing = 0;
		};
/* End PBXSourcesBuildPhase section */

/* Begin PBXTargetDependency section */
		C88EB770205A8FCB008092BB /* PBXTargetDependency */ = {
			isa = PBXTargetDependency;
			target = C88EB755205A8FCB008092BB /* ToolsApp */;
			targetProxy = C88EB76F205A8FCB008092BB /* PBXContainerItemProxy */;
		};
		C88EB77B205A8FCB008092BB /* PBXTargetDependency */ = {
			isa = PBXTargetDependency;
			target = C88EB755205A8FCB008092BB /* ToolsApp */;
			targetProxy = C88EB77A205A8FCB008092BB /* PBXContainerItemProxy */;
		};
/* End PBXTargetDependency section */

/* Begin PBXVariantGroup section */
		C88EB764205A8FCB008092BB /* LaunchScreen.storyboard */ = {
			isa = PBXVariantGroup;
			children = (
				C88EB765205A8FCB008092BB /* Base */,
			);
			name = LaunchScreen.storyboard;
			sourceTree = "<group>";
		};
/* End PBXVariantGroup section */

/* Begin XCBuildConfiguration section */
		C88EB780205A8FCB008092BB /* Debug */ = {
			isa = XCBuildConfiguration;
			buildSettings = {
				ALWAYS_SEARCH_USER_PATHS = NO;
				CLANG_ANALYZER_NONNULL = YES;
				CLANG_ANALYZER_NUMBER_OBJECT_CONVERSION = YES_AGGRESSIVE;
				CLANG_CXX_LANGUAGE_STANDARD = "gnu++14";
				CLANG_CXX_LIBRARY = "libc++";
				CLANG_ENABLE_MODULES = YES;
				CLANG_ENABLE_OBJC_ARC = YES;
				CLANG_WARN_BLOCK_CAPTURE_AUTORELEASING = YES;
				CLANG_WARN_BOOL_CONVERSION = YES;
				CLANG_WARN_COMMA = YES;
				CLANG_WARN_CONSTANT_CONVERSION = YES;
				CLANG_WARN_DIRECT_OBJC_ISA_USAGE = YES_ERROR;
				CLANG_WARN_DOCUMENTATION_COMMENTS = YES;
				CLANG_WARN_EMPTY_BODY = YES;
				CLANG_WARN_ENUM_CONVERSION = YES;
				CLANG_WARN_INFINITE_RECURSION = YES;
				CLANG_WARN_INT_CONVERSION = YES;
				CLANG_WARN_NON_LITERAL_NULL_CONVERSION = YES;
				CLANG_WARN_OBJC_LITERAL_CONVERSION = YES;
				CLANG_WARN_OBJC_ROOT_CLASS = YES_ERROR;
				CLANG_WARN_RANGE_LOOP_ANALYSIS = YES;
				CLANG_WARN_STRICT_PROTOTYPES = YES;
				CLANG_WARN_SUSPICIOUS_MOVE = YES;
				CLANG_WARN_UNGUARDED_AVAILABILITY = YES_AGGRESSIVE;
				CLANG_WARN_UNREACHABLE_CODE = YES;
				CLANG_WARN__DUPLICATE_METHOD_MATCH = YES;
				CODE_SIGN_IDENTITY = "iPhone Developer";
				COPY_PHASE_STRIP = NO;
				DEBUG_INFORMATION_FORMAT = dwarf;
				ENABLE_STRICT_OBJC_MSGSEND = YES;
				ENABLE_TESTABILITY = YES;
				GCC_C_LANGUAGE_STANDARD = gnu11;
				GCC_DYNAMIC_NO_PIC = NO;
				GCC_NO_COMMON_BLOCKS = YES;
				GCC_OPTIMIZATION_LEVEL = 0;
				GCC_PREPROCESSOR_DEFINITIONS = (
					"DEBUG=1",
					"$(inherited)",
				);
				GCC_WARN_64_TO_32_BIT_CONVERSION = YES;
				GCC_WARN_ABOUT_RETURN_TYPE = YES_ERROR;
				GCC_WARN_UNDECLARED_SELECTOR = YES;
				GCC_WARN_UNINITIALIZED_AUTOS = YES_AGGRESSIVE;
				GCC_WARN_UNUSED_FUNCTION = YES;
				GCC_WARN_UNUSED_VARIABLE = YES;
				IPHONEOS_DEPLOYMENT_TARGET = 11.2;
				MTL_ENABLE_DEBUG_INFO = YES;
				ONLY_ACTIVE_ARCH = YES;
				SDKROOT = iphoneos;
			};
			name = Debug;
		};
		C88EB781205A8FCB008092BB /* Release */ = {
			isa = XCBuildConfiguration;
			buildSettings = {
				ALWAYS_SEARCH_USER_PATHS = NO;
				CLANG_ANALYZER_NONNULL = YES;
				CLANG_ANALYZER_NUMBER_OBJECT_CONVERSION = YES_AGGRESSIVE;
				CLANG_CXX_LANGUAGE_STANDARD = "gnu++14";
				CLANG_CXX_LIBRARY = "libc++";
				CLANG_ENABLE_MODULES = YES;
				CLANG_ENABLE_OBJC_ARC = YES;
				CLANG_WARN_BLOCK_CAPTURE_AUTORELEASING = YES;
				CLANG_WARN_BOOL_CONVERSION = YES;
				CLANG_WARN_COMMA = YES;
				CLANG_WARN_CONSTANT_CONVERSION = YES;
				CLANG_WARN_DIRECT_OBJC_ISA_USAGE = YES_ERROR;
				CLANG_WARN_DOCUMENTATION_COMMENTS = YES;
				CLANG_WARN_EMPTY_BODY = YES;
				CLANG_WARN_ENUM_CONVERSION = YES;
				CLANG_WARN_INFINITE_RECURSION = YES;
				CLANG_WARN_INT_CONVERSION = YES;
				CLANG_WARN_NON_LITERAL_NULL_CONVERSION = YES;
				CLANG_WARN_OBJC_LITERAL_CONVERSION = YES;
				CLANG_WARN_OBJC_ROOT_CLASS = YES_ERROR;
				CLANG_WARN_RANGE_LOOP_ANALYSIS = YES;
				CLANG_WARN_STRICT_PROTOTYPES = YES;
				CLANG_WARN_SUSPICIOUS_MOVE = YES;
				CLANG_WARN_UNGUARDED_AVAILABILITY = YES_AGGRESSIVE;
				CLANG_WARN_UNREACHABLE_CODE = YES;
				CLANG_WARN__DUPLICATE_METHOD_MATCH = YES;
				CODE_SIGN_IDENTITY = "iPhone Developer";
				COPY_PHASE_STRIP = NO;
				DEBUG_INFORMATION_FORMAT = "dwarf-with-dsym";
				ENABLE_NS_ASSERTIONS = NO;
				ENABLE_STRICT_OBJC_MSGSEND = YES;
				GCC_C_LANGUAGE_STANDARD = gnu11;
				GCC_NO_COMMON_BLOCKS = YES;
				GCC_WARN_64_TO_32_BIT_CONVERSION = YES;
				GCC_WARN_ABOUT_RETURN_TYPE = YES_ERROR;
				GCC_WARN_UNDECLARED_SELECTOR = YES;
				GCC_WARN_UNINITIALIZED_AUTOS = YES_AGGRESSIVE;
				GCC_WARN_UNUSED_FUNCTION = YES;
				GCC_WARN_UNUSED_VARIABLE = YES;
				IPHONEOS_DEPLOYMENT_TARGET = 11.2;
				MTL_ENABLE_DEBUG_INFO = NO;
				SDKROOT = iphoneos;
				VALIDATE_PRODUCT = YES;
			};
			name = Release;
		};
		C88EB783205A8FCB008092BB /* Debug */ = {
			isa = XCBuildConfiguration;
			baseConfigurationReference = ABE226E4533FD9A918EE24B5 /* Pods-ToolsApp.debug.xcconfig */;
			buildSettings = {
				ASSETCATALOG_COMPILER_APPICON_NAME = AppIcon;
				CODE_SIGN_STYLE = Automatic;
				DEVELOPMENT_TEAM = S5835VE7S9;
				GCC_PRECOMPILE_PREFIX_HEADER = YES;
				GCC_PREFIX_HEADER = "$(SRCROOT)/ToolsApp/Supporting Files/PrefixHeader.pch";
				INFOPLIST_FILE = "$(SRCROOT)/ToolsApp/Supporting Files/Info.plist";
				IPHONEOS_DEPLOYMENT_TARGET = 9.0;
				LD_RUNPATH_SEARCH_PATHS = "$(inherited) @executable_path/Frameworks";
				PRODUCT_BUNDLE_IDENTIFIER = com.yangcg.learn.ToolsApp;
				PRODUCT_NAME = "$(TARGET_NAME)";
				TARGETED_DEVICE_FAMILY = "1,2";
			};
			name = Debug;
		};
		C88EB784205A8FCB008092BB /* Release */ = {
			isa = XCBuildConfiguration;
			baseConfigurationReference = 5F3157088BE96E80FB4545C1 /* Pods-ToolsApp.release.xcconfig */;
			buildSettings = {
				ASSETCATALOG_COMPILER_APPICON_NAME = AppIcon;
				CODE_SIGN_STYLE = Automatic;
				DEVELOPMENT_TEAM = S5835VE7S9;
				GCC_PRECOMPILE_PREFIX_HEADER = YES;
				GCC_PREFIX_HEADER = "$(SRCROOT)/ToolsApp/Supporting Files/PrefixHeader.pch";
				INFOPLIST_FILE = "$(SRCROOT)/ToolsApp/Supporting Files/Info.plist";
				IPHONEOS_DEPLOYMENT_TARGET = 9.0;
				LD_RUNPATH_SEARCH_PATHS = "$(inherited) @executable_path/Frameworks";
				PRODUCT_BUNDLE_IDENTIFIER = com.yangcg.learn.ToolsApp;
				PRODUCT_NAME = "$(TARGET_NAME)";
				TARGETED_DEVICE_FAMILY = "1,2";
			};
			name = Release;
		};
		C88EB786205A8FCB008092BB /* Debug */ = {
			isa = XCBuildConfiguration;
			buildSettings = {
				BUNDLE_LOADER = "$(TEST_HOST)";
				CODE_SIGN_STYLE = Automatic;
				DEVELOPMENT_TEAM = S5835VE7S9;
				INFOPLIST_FILE = ToolsAppTests/Info.plist;
				LD_RUNPATH_SEARCH_PATHS = "$(inherited) @executable_path/Frameworks @loader_path/Frameworks";
				PRODUCT_BUNDLE_IDENTIFIER = com.yangcg.learn.ToolsAppTests;
				PRODUCT_NAME = "$(TARGET_NAME)";
				TARGETED_DEVICE_FAMILY = "1,2";
				TEST_HOST = "$(BUILT_PRODUCTS_DIR)/ToolsApp.app/ToolsApp";
			};
			name = Debug;
		};
		C88EB787205A8FCB008092BB /* Release */ = {
			isa = XCBuildConfiguration;
			buildSettings = {
				BUNDLE_LOADER = "$(TEST_HOST)";
				CODE_SIGN_STYLE = Automatic;
				DEVELOPMENT_TEAM = S5835VE7S9;
				INFOPLIST_FILE = ToolsAppTests/Info.plist;
				LD_RUNPATH_SEARCH_PATHS = "$(inherited) @executable_path/Frameworks @loader_path/Frameworks";
				PRODUCT_BUNDLE_IDENTIFIER = com.yangcg.learn.ToolsAppTests;
				PRODUCT_NAME = "$(TARGET_NAME)";
				TARGETED_DEVICE_FAMILY = "1,2";
				TEST_HOST = "$(BUILT_PRODUCTS_DIR)/ToolsApp.app/ToolsApp";
			};
			name = Release;
		};
		C88EB789205A8FCB008092BB /* Debug */ = {
			isa = XCBuildConfiguration;
			buildSettings = {
				CODE_SIGN_STYLE = Automatic;
				DEVELOPMENT_TEAM = S5835VE7S9;
				INFOPLIST_FILE = ToolsAppUITests/Info.plist;
				LD_RUNPATH_SEARCH_PATHS = "$(inherited) @executable_path/Frameworks @loader_path/Frameworks";
				PRODUCT_BUNDLE_IDENTIFIER = com.yangcg.learn.ToolsAppUITests;
				PRODUCT_NAME = "$(TARGET_NAME)";
				TARGETED_DEVICE_FAMILY = "1,2";
				TEST_TARGET_NAME = ToolsApp;
			};
			name = Debug;
		};
		C88EB78A205A8FCB008092BB /* Release */ = {
			isa = XCBuildConfiguration;
			buildSettings = {
				CODE_SIGN_STYLE = Automatic;
				DEVELOPMENT_TEAM = S5835VE7S9;
				INFOPLIST_FILE = ToolsAppUITests/Info.plist;
				LD_RUNPATH_SEARCH_PATHS = "$(inherited) @executable_path/Frameworks @loader_path/Frameworks";
				PRODUCT_BUNDLE_IDENTIFIER = com.yangcg.learn.ToolsAppUITests;
				PRODUCT_NAME = "$(TARGET_NAME)";
				TARGETED_DEVICE_FAMILY = "1,2";
				TEST_TARGET_NAME = ToolsApp;
			};
			name = Release;
		};
/* End XCBuildConfiguration section */

/* Begin XCConfigurationList section */
		C88EB751205A8FCB008092BB /* Build configuration list for PBXProject "ToolsApp" */ = {
			isa = XCConfigurationList;
			buildConfigurations = (
				C88EB780205A8FCB008092BB /* Debug */,
				C88EB781205A8FCB008092BB /* Release */,
			);
			defaultConfigurationIsVisible = 0;
			defaultConfigurationName = Release;
		};
		C88EB782205A8FCB008092BB /* Build configuration list for PBXNativeTarget "ToolsApp" */ = {
			isa = XCConfigurationList;
			buildConfigurations = (
				C88EB783205A8FCB008092BB /* Debug */,
				C88EB784205A8FCB008092BB /* Release */,
			);
			defaultConfigurationIsVisible = 0;
			defaultConfigurationName = Release;
		};
		C88EB785205A8FCB008092BB /* Build configuration list for PBXNativeTarget "ToolsAppTests" */ = {
			isa = XCConfigurationList;
			buildConfigurations = (
				C88EB786205A8FCB008092BB /* Debug */,
				C88EB787205A8FCB008092BB /* Release */,
			);
			defaultConfigurationIsVisible = 0;
			defaultConfigurationName = Release;
		};
		C88EB788205A8FCB008092BB /* Build configuration list for PBXNativeTarget "ToolsAppUITests" */ = {
			isa = XCConfigurationList;
			buildConfigurations = (
				C88EB789205A8FCB008092BB /* Debug */,
				C88EB78A205A8FCB008092BB /* Release */,
			);
			defaultConfigurationIsVisible = 0;
			defaultConfigurationName = Release;
		};
/* End XCConfigurationList section */
	};
	rootObject = C88EB74E205A8FCB008092BB /* Project object */;
}
